
Microsoft Visual Studio Solution File, Format Version 12.00
# Visual Studio Version 17
VisualStudioVersion = 17.2.32630.192
MinimumVisualStudioVersion = 10.0.40219.1
Project("{9A19103F-16F7-4668-BE54-9A1E7A4F7556}") = "Blockbuster.API", "Blockbuster.API\Blockbuster.API.csproj", "{53801D77-3B68-4F4B-AC7E-C2C956F3F7B2}"
EndProject
Project("{FAE04EC0-301F-11D3-BF4B-00C04F79EFBC}") = "Blockbuster.API.Tests", "Blockbuster.API.Tests\Blockbuster.API.Tests.csproj", "{99FDD325-F20A-4078-83AF-A2516044DF84}"
EndProject
Global
	GlobalSection(SolutionConfigurationPlatforms) = preSolution
		Debug|Any CPU = Debug|Any CPU
		Release|Any CPU = Release|Any CPU
	EndGlobalSection
	GlobalSection(ProjectConfigurationPlatforms) = postSolution
		{53801D77-3B68-4F4B-AC7E-C2C956F3F7B2}.Debug|Any CPU.ActiveCfg = Debug|Any CPU
		{53801D77-3B68-4F4B-AC7E-C2C956F3F7B2}.Debug|Any CPU.Build.0 = Debug|Any CPU
		{53801D77-3B68-4F4B-AC7E-C2C956F3F7B2}.Release|Any CPU.ActiveCfg = Release|Any CPU
		{53801D77-3B68-4F4B-AC7E-C2C956F3F7B2}.Release|Any CPU.Build.0 = Release|Any CPU
		{99FDD325-F20A-4078-83AF-A2516044DF84}.Debug|Any CPU.ActiveCfg = Debug|Any CPU
		{99FDD325-F20A-4078-83AF-A2516044DF84}.Debug|Any CPU.Build.0 = Debug|Any CPU
		{99FDD325-F20A-4078-83AF-A2516044DF84}.Release|Any CPU.ActiveCfg = Release|Any CPU
		{99FDD325-F20A-4078-83AF-A2516044DF84}.Release|Any CPU.Build.0 = Release|Any CPU
	EndGlobalSection
	GlobalSection(SolutionProperties) = preSolution
		HideSolutionNode = FALSE
	EndGlobalSection
	GlobalSection(ExtensibilityGlobals) = postSolution
		SolutionGuid = {CFDFC4AF-482D-482D-9A1A-A15E05E0E46D}
	EndGlobalSection
EndGlobal
